
Microsoft Visual Studio Solution File, Format Version 12.00
# Visual Studio Version 16
VisualStudioVersion = 16.0.31005.135
MinimumVisualStudioVersion = 10.0.40219.1
Project("{FAE04EC0-301F-11D3-BF4B-00C04F79EFBC}") = "BESTBUYCRUDDATABASE", "BESTBUYCRUDDATABASE\BESTBUYCRUDDATABASE.csproj", "{C1731A45-6C88-4652-A5C8-9FE7F6402B53}"
EndProject
Global
	GlobalSection(SolutionConfigurationPlatforms) = preSolution
		Debug|Any CPU = Debug|Any CPU
		Release|Any CPU = Release|Any CPU
	EndGlobalSection
	GlobalSection(ProjectConfigurationPlatforms) = postSolution
		{C1731A45-6C88-4652-A5C8-9FE7F6402B53}.Debug|Any CPU.ActiveCfg = Debug|Any CPU
		{C1731A45-6C88-4652-A5C8-9FE7F6402B53}.Debug|Any CPU.Build.0 = Debug|Any CPU
		{C1731A45-6C88-4652-A5C8-9FE7F6402B53}.Release|Any CPU.ActiveCfg = Release|Any CPU
		{C1731A45-6C88-4652-A5C8-9FE7F6402B53}.Release|Any CPU.Build.0 = Release|Any CPU
	EndGlobalSection
	GlobalSection(SolutionProperties) = preSolution
		HideSolutionNode = FALSE
	EndGlobalSection
	GlobalSection(ExtensibilityGlobals) = postSolution
		SolutionGuid = {44A965EE-3B0D-4BB4-A73E-79236017C92B}
	EndGlobalSection
EndGlobal
